// !$*UTF8*$!
{
	archiveVersion = 1;
	classes = {
	};
	objectVersion = 46;
	objects = {

/* Begin PBXBuildFile section */
		8F0B6B9E1A68E5AC00D4CEA6 /* AutoTableViewCell.m in Sources */ = {isa = PBXBuildFile; fileRef = 8F0B6B9D1A68E5AC00D4CEA6 /* AutoTableViewCell.m */; };
		8F96A36B1A679C1C00D71BF3 /* main.m in Sources */ = {isa = PBXBuildFile; fileRef = 8F96A36A1A679C1C00D71BF3 /* main.m */; };
		8F96A36E1A679C1C00D71BF3 /* AppDelegate.m in Sources */ = {isa = PBXBuildFile; fileRef = 8F96A36D1A679C1C00D71BF3 /* AppDelegate.m */; };
		8F96A3711A679C1C00D71BF3 /* UIAutoTest.xcdatamodeld in Sources */ = {isa = PBXBuildFile; fileRef = 8F96A36F1A679C1C00D71BF3 /* UIAutoTest.xcdatamodeld */; };
		8F96A3741A679C1C00D71BF3 /* ViewController.m in Sources */ = {isa = PBXBuildFile; fileRef = 8F96A3731A679C1C00D71BF3 /* ViewController.m */; };
		8F96A3791A679C1C00D71BF3 /* Images.xcassets in Resources */ = {isa = PBXBuildFile; fileRef = 8F96A3781A679C1C00D71BF3 /* Images.xcassets */; };
		8F96A37C1A679C1C00D71BF3 /* LaunchScreen.xib in Resources */ = {isa = PBXBuildFile; fileRef = 8F96A37A1A679C1C00D71BF3 /* LaunchScreen.xib */; };
		8F96A3881A679C1C00D71BF3 /* UIAutoTestTests.m in Sources */ = {isa = PBXBuildFile; fileRef = 8F96A3871A679C1C00D71BF3 /* UIAutoTestTests.m */; };
		8F96A3941A67A01300D71BF3 /* background_568h@2x.png in Resources */ = {isa = PBXBuildFile; fileRef = 8F96A3931A67A01300D71BF3 /* background_568h@2x.png */; };
		8F96A3971A67A12D00D71BF3 /* btn_next_n@2x.png in Resources */ = {isa = PBXBuildFile; fileRef = 8F96A3951A67A12D00D71BF3 /* btn_next_n@2x.png */; };
		8F96A3981A67A12D00D71BF3 /* btn_next_p@2x.png in Resources */ = {isa = PBXBuildFile; fileRef = 8F96A3961A67A12D00D71BF3 /* btn_next_p@2x.png */; };
		8F96A39D1A67A22600D71BF3 /* EasySample.m in Sources */ = {isa = PBXBuildFile; fileRef = 8F96A39C1A67A22600D71BF3 /* EasySample.m */; };
		8F96A3A11A67C12C00D71BF3 /* AutoScrollView.m in Sources */ = {isa = PBXBuildFile; fileRef = 8F96A3A01A67C12C00D71BF3 /* AutoScrollView.m */; };
		8F96A3A51A67CE9600D71BF3 /* AutoTableView.m in Sources */ = {isa = PBXBuildFile; fileRef = 8F96A3A41A67CE9600D71BF3 /* AutoTableView.m */; };
		8FA1656B1A6B82C300704145 /* WaitViewAppear.m in Sources */ = {isa = PBXBuildFile; fileRef = 8FA1656A1A6B82C300704145 /* WaitViewAppear.m */; };
		8FA165701A6BADFA00704145 /* AutoDragview.m in Sources */ = {isa = PBXBuildFile; fileRef = 8FA1656F1A6BADFA00704145 /* AutoDragview.m */; };
		8FA165741A6BAEAE00704145 /* CyanSquare.png in Resources */ = {isa = PBXBuildFile; fileRef = 8FA165711A6BAEAE00704145 /* CyanSquare.png */; };
		8FA165751A6BAEAE00704145 /* MagentaSquare.png in Resources */ = {isa = PBXBuildFile; fileRef = 8FA165721A6BAEAE00704145 /* MagentaSquare.png */; };
		8FA165761A6BAEAE00704145 /* YellowSquare.png in Resources */ = {isa = PBXBuildFile; fileRef = 8FA165731A6BAEAE00704145 /* YellowSquare.png */; };
/* End PBXBuildFile section */

/* Begin PBXContainerItemProxy section */
		8F96A3821A679C1C00D71BF3 /* PBXContainerItemProxy */ = {
			isa = PBXContainerItemProxy;
			containerPortal = 8F96A35D1A679C1C00D71BF3 /* Project object */;
			proxyType = 1;
			remoteGlobalIDString = 8F96A3641A679C1C00D71BF3;
			remoteInfo = UIAutoTest;
		};
/* End PBXContainerItemProxy section */

/* Begin PBXFileReference section */
		8F0B6B9C1A68E5AC00D4CEA6 /* AutoTableViewCell.h */ = {isa = PBXFileReference; fileEncoding = 4; lastKnownFileType = sourcecode.c.h; name = AutoTableViewCell.h; path = Views/AutoTableViewCell.h; sourceTree = "<group>"; };
		8F0B6B9D1A68E5AC00D4CEA6 /* AutoTableViewCell.m */ = {isa = PBXFileReference; fileEncoding = 4; lastKnownFileType = sourcecode.c.objc; name = AutoTableViewCell.m; path = Views/AutoTableViewCell.m; sourceTree = "<group>"; };
		8F96A3651A679C1C00D71BF3 /* UIAutoTest.app */ = {isa = PBXFileReference; explicitFileType = wrapper.application; includeInIndex = 0; path = UIAutoTest.app; sourceTree = BUILT_PRODUCTS_DIR; };
		8F96A3691A679C1C00D71BF3 /* Info.plist */ = {isa = PBXFileReference; lastKnownFileType = text.plist.xml; path = Info.plist; sourceTree = "<group>"; };
		8F96A36A1A679C1C00D71BF3 /* main.m */ = {isa = PBXFileReference; lastKnownFileType = sourcecode.c.objc; path = main.m; sourceTree = "<group>"; };
		8F96A36C1A679C1C00D71BF3 /* AppDelegate.h */ = {isa = PBXFileReference; lastKnownFileType = sourcecode.c.h; path = AppDelegate.h; sourceTree = "<group>"; };
		8F96A36D1A679C1C00D71BF3 /* AppDelegate.m */ = {isa = PBXFileReference; lastKnownFileType = sourcecode.c.objc; path = AppDelegate.m; sourceTree = "<group>"; };
		8F96A3701A679C1C00D71BF3 /* UIAutoTest.xcdatamodel */ = {isa = PBXFileReference; lastKnownFileType = wrapper.xcdatamodel; path = UIAutoTest.xcdatamodel; sourceTree = "<group>"; };
		8F96A3721A679C1C00D71BF3 /* ViewController.h */ = {isa = PBXFileReference; lastKnownFileType = sourcecode.c.h; path = ViewController.h; sourceTree = "<group>"; };
		8F96A3731A679C1C00D71BF3 /* ViewController.m */ = {isa = PBXFileReference; lastKnownFileType = sourcecode.c.objc; path = ViewController.m; sourceTree = "<group>"; };
		8F96A3781A679C1C00D71BF3 /* Images.xcassets */ = {isa = PBXFileReference; lastKnownFileType = folder.assetcatalog; path = Images.xcassets; sourceTree = "<group>"; };
		8F96A37B1A679C1C00D71BF3 /* Base */ = {isa = PBXFileReference; lastKnownFileType = file.xib; name = Base; path = Base.lproj/LaunchScreen.xib; sourceTree = "<group>"; };
		8F96A3811A679C1C00D71BF3 /* UIAutoTestTests.xctest */ = {isa = PBXFileReference; explicitFileType = wrapper.cfbundle; includeInIndex = 0; path = UIAutoTestTests.xctest; sourceTree = BUILT_PRODUCTS_DIR; };
		8F96A3861A679C1C00D71BF3 /* Info.plist */ = {isa = PBXFileReference; lastKnownFileType = text.plist.xml; path = Info.plist; sourceTree = "<group>"; };
		8F96A3871A679C1C00D71BF3 /* UIAutoTestTests.m */ = {isa = PBXFileReference; lastKnownFileType = sourcecode.c.objc; path = UIAutoTestTests.m; sourceTree = "<group>"; };
		8F96A3931A67A01300D71BF3 /* background_568h@2x.png */ = {isa = PBXFileReference; lastKnownFileType = image.png; path = "background_568h@2x.png"; sourceTree = "<group>"; };
		8F96A3951A67A12D00D71BF3 /* btn_next_n@2x.png */ = {isa = PBXFileReference; lastKnownFileType = image.png; path = "btn_next_n@2x.png"; sourceTree = "<group>"; };
		8F96A3961A67A12D00D71BF3 /* btn_next_p@2x.png */ = {isa = PBXFileReference; lastKnownFileType = image.png; path = "btn_next_p@2x.png"; sourceTree = "<group>"; };
		8F96A39B1A67A22600D71BF3 /* EasySample.h */ = {isa = PBXFileReference; fileEncoding = 4; lastKnownFileType = sourcecode.c.h; name = EasySample.h; path = Views/EasySample.h; sourceTree = "<group>"; };
		8F96A39C1A67A22600D71BF3 /* EasySample.m */ = {isa = PBXFileReference; fileEncoding = 4; lastKnownFileType = sourcecode.c.objc; name = EasySample.m; path = Views/EasySample.m; sourceTree = "<group>"; };
		8F96A39F1A67C12C00D71BF3 /* AutoScrollView.h */ = {isa = PBXFileReference; fileEncoding = 4; lastKnownFileType = sourcecode.c.h; name = AutoScrollView.h; path = Views/AutoScrollView.h; sourceTree = "<group>"; };
		8F96A3A01A67C12C00D71BF3 /* AutoScrollView.m */ = {isa = PBXFileReference; fileEncoding = 4; lastKnownFileType = sourcecode.c.objc; name = AutoScrollView.m; path = Views/AutoScrollView.m; sourceTree = "<group>"; };
		8F96A3A31A67CE9600D71BF3 /* AutoTableView.h */ = {isa = PBXFileReference; fileEncoding = 4; lastKnownFileType = sourcecode.c.h; name = AutoTableView.h; path = Views/AutoTableView.h; sourceTree = "<group>"; };
		8F96A3A41A67CE9600D71BF3 /* AutoTableView.m */ = {isa = PBXFileReference; fileEncoding = 4; lastKnownFileType = sourcecode.c.objc; name = AutoTableView.m; path = Views/AutoTableView.m; sourceTree = "<group>"; };
		8FA165691A6B82C200704145 /* WaitViewAppear.h */ = {isa = PBXFileReference; fileEncoding = 4; lastKnownFileType = sourcecode.c.h; name = WaitViewAppear.h; path = Views/WaitViewAppear.h; sourceTree = "<group>"; };
		8FA1656A1A6B82C300704145 /* WaitViewAppear.m */ = {isa = PBXFileReference; fileEncoding = 4; lastKnownFileType = sourcecode.c.objc; name = WaitViewAppear.m; path = Views/WaitViewAppear.m; sourceTree = "<group>"; };
		8FA1656E1A6BADFA00704145 /* AutoDragview.h */ = {isa = PBXFileReference; fileEncoding = 4; lastKnownFileType = sourcecode.c.h; name = AutoDragview.h; path = Views/AutoDragview.h; sourceTree = "<group>"; };
		8FA1656F1A6BADFA00704145 /* AutoDragview.m */ = {isa = PBXFileReference; fileEncoding = 4; lastKnownFileType = sourcecode.c.objc; name = AutoDragview.m; path = Views/AutoDragview.m; sourceTree = "<group>"; };
		8FA165711A6BAEAE00704145 /* CyanSquare.png */ = {isa = PBXFileReference; lastKnownFileType = image.png; path = CyanSquare.png; sourceTree = "<group>"; };
		8FA165721A6BAEAE00704145 /* MagentaSquare.png */ = {isa = PBXFileReference; lastKnownFileType = image.png; path = MagentaSquare.png; sourceTree = "<group>"; };
		8FA165731A6BAEAE00704145 /* YellowSquare.png */ = {isa = PBXFileReference; lastKnownFileType = image.png; path = YellowSquare.png; sourceTree = "<group>"; };
/* End PBXFileReference section */

/* Begin PBXFrameworksBuildPhase section */
		8F96A3621A679C1C00D71BF3 /* Frameworks */ = {
			isa = PBXFrameworksBuildPhase;
			buildActionMask = 2147483647;
			files = (
			);
			runOnlyForDeploymentPostprocessing = 0;
		};
		8F96A37E1A679C1C00D71BF3 /* Frameworks */ = {
			isa = PBXFrameworksBuildPhase;
			buildActionMask = 2147483647;
			files = (
			);
			runOnlyForDeploymentPostprocessing = 0;
		};
/* End PBXFrameworksBuildPhase section */

/* Begin PBXGroup section */
		8F96A35C1A679C1C00D71BF3 = {
			isa = PBXGroup;
			children = (
				8F96A3671A679C1C00D71BF3 /* UIAutoTest */,
				8F96A3991A67A1AA00D71BF3 /* Views */,
				8F96A3841A679C1C00D71BF3 /* UIAutoTestTests */,
				8F96A3661A679C1C00D71BF3 /* Products */,
				8F96A3911A679FF700D71BF3 /* Source */,
				8F96A3921A67A00100D71BF3 /* Images */,
			);
			sourceTree = "<group>";
		};
		8F96A3661A679C1C00D71BF3 /* Products */ = {
			isa = PBXGroup;
			children = (
				8F96A3651A679C1C00D71BF3 /* UIAutoTest.app */,
				8F96A3811A679C1C00D71BF3 /* UIAutoTestTests.xctest */,
			);
			name = Products;
			sourceTree = "<group>";
		};
		8F96A3671A679C1C00D71BF3 /* UIAutoTest */ = {
			isa = PBXGroup;
			children = (
				8F96A36C1A679C1C00D71BF3 /* AppDelegate.h */,
				8F96A36D1A679C1C00D71BF3 /* AppDelegate.m */,
				8F96A3721A679C1C00D71BF3 /* ViewController.h */,
				8F96A3731A679C1C00D71BF3 /* ViewController.m */,
				8F96A3781A679C1C00D71BF3 /* Images.xcassets */,
				8F96A37A1A679C1C00D71BF3 /* LaunchScreen.xib */,
				8F96A36F1A679C1C00D71BF3 /* UIAutoTest.xcdatamodeld */,
				8F96A3681A679C1C00D71BF3 /* Supporting Files */,
			);
			path = UIAutoTest;
			sourceTree = "<group>";
		};
		8F96A3681A679C1C00D71BF3 /* Supporting Files */ = {
			isa = PBXGroup;
			children = (
				8F96A3691A679C1C00D71BF3 /* Info.plist */,
				8F96A36A1A679C1C00D71BF3 /* main.m */,
			);
			name = "Supporting Files";
			sourceTree = "<group>";
		};
		8F96A3841A679C1C00D71BF3 /* UIAutoTestTests */ = {
			isa = PBXGroup;
			children = (
				8F96A3871A679C1C00D71BF3 /* UIAutoTestTests.m */,
				8F96A3851A679C1C00D71BF3 /* Supporting Files */,
			);
			path = UIAutoTestTests;
			sourceTree = "<group>";
		};
		8F96A3851A679C1C00D71BF3 /* Supporting Files */ = {
			isa = PBXGroup;
			children = (
				8F96A3861A679C1C00D71BF3 /* Info.plist */,
			);
			name = "Supporting Files";
			sourceTree = "<group>";
		};
		8F96A3911A679FF700D71BF3 /* Source */ = {
			isa = PBXGroup;
			children = (
			);
			name = Source;
			sourceTree = "<group>";
		};
		8F96A3921A67A00100D71BF3 /* Images */ = {
			isa = PBXGroup;
			children = (
				8FA165711A6BAEAE00704145 /* CyanSquare.png */,
				8FA165721A6BAEAE00704145 /* MagentaSquare.png */,
				8FA165731A6BAEAE00704145 /* YellowSquare.png */,
				8F96A3951A67A12D00D71BF3 /* btn_next_n@2x.png */,
				8F96A3961A67A12D00D71BF3 /* btn_next_p@2x.png */,
				8F96A3931A67A01300D71BF3 /* background_568h@2x.png */,
			);
			name = Images;
			sourceTree = "<group>";
		};
		8F96A3991A67A1AA00D71BF3 /* Views */ = {
			isa = PBXGroup;
			children = (
				8FA1656C1A6BADD600704145 /* AutoDragView05 */,
				8FA165681A6B805400704145 /* AutoWaitViewAppear04 */,
				8F96A3A21A67CE5C00D71BF3 /* AutoTableView03 */,
				8F96A39E1A67C0FB00D71BF3 /* ScrollView02 */,
				8F96A39A1A67A1BF00D71BF3 /* HelloTest01 */,
			);
			name = Views;
			path = UIAutoTest;
			sourceTree = "<group>";
		};
		8F96A39A1A67A1BF00D71BF3 /* HelloTest01 */ = {
			isa = PBXGroup;
			children = (
				8F96A39B1A67A22600D71BF3 /* EasySample.h */,
				8F96A39C1A67A22600D71BF3 /* EasySample.m */,
			);
			name = HelloTest01;
			sourceTree = "<group>";
		};
		8F96A39E1A67C0FB00D71BF3 /* ScrollView02 */ = {
			isa = PBXGroup;
			children = (
				8F96A39F1A67C12C00D71BF3 /* AutoScrollView.h */,
				8F96A3A01A67C12C00D71BF3 /* AutoScrollView.m */,
			);
			name = ScrollView02;
			sourceTree = "<group>";
		};
		8F96A3A21A67CE5C00D71BF3 /* AutoTableView03 */ = {
			isa = PBXGroup;
			children = (
				8F96A3A31A67CE9600D71BF3 /* AutoTableView.h */,
				8F96A3A41A67CE9600D71BF3 /* AutoTableView.m */,
				8F0B6B9C1A68E5AC00D4CEA6 /* AutoTableViewCell.h */,
				8F0B6B9D1A68E5AC00D4CEA6 /* AutoTableViewCell.m */,
			);
			name = AutoTableView03;
			sourceTree = "<group>";
		};
		8FA165681A6B805400704145 /* AutoWaitViewAppear04 */ = {
			isa = PBXGroup;
			children = (
				8FA165691A6B82C200704145 /* WaitViewAppear.h */,
				8FA1656A1A6B82C300704145 /* WaitViewAppear.m */,
			);
			name = AutoWaitViewAppear04;
			sourceTree = "<group>";
		};
		8FA1656C1A6BADD600704145 /* AutoDragView05 */ = {
			isa = PBXGroup;
			children = (
				8FA1656E1A6BADFA00704145 /* AutoDragview.h */,
				8FA1656F1A6BADFA00704145 /* AutoDragview.m */,
			);
			name = AutoDragView05;
			sourceTree = "<group>";
		};
/* End PBXGroup section */

/* Begin PBXNativeTarget section */
		8F96A3641A679C1C00D71BF3 /* UIAutoTest */ = {
			isa = PBXNativeTarget;
			buildConfigurationList = 8F96A38B1A679C1C00D71BF3 /* Build configuration list for PBXNativeTarget "UIAutoTest" */;
			buildPhases = (
				8F96A3611A679C1C00D71BF3 /* Sources */,
				8F96A3621A679C1C00D71BF3 /* Frameworks */,
				8F96A3631A679C1C00D71BF3 /* Resources */,
			);
			buildRules = (
			);
			dependencies = (
			);
			name = UIAutoTest;
			productName = UIAutoTest;
			productReference = 8F96A3651A679C1C00D71BF3 /* UIAutoTest.app */;
			productType = "com.apple.product-type.application";
		};
		8F96A3801A679C1C00D71BF3 /* UIAutoTestTests */ = {
			isa = PBXNativeTarget;
			buildConfigurationList = 8F96A38E1A679C1C00D71BF3 /* Build configuration list for PBXNativeTarget "UIAutoTestTests" */;
			buildPhases = (
				8F96A37D1A679C1C00D71BF3 /* Sources */,
				8F96A37E1A679C1C00D71BF3 /* Frameworks */,
				8F96A37F1A679C1C00D71BF3 /* Resources */,
			);
			buildRules = (
			);
			dependencies = (
				8F96A3831A679C1C00D71BF3 /* PBXTargetDependency */,
			);
			name = UIAutoTestTests;
			productName = UIAutoTestTests;
			productReference = 8F96A3811A679C1C00D71BF3 /* UIAutoTestTests.xctest */;
			productType = "com.apple.product-type.bundle.unit-test";
		};
/* End PBXNativeTarget section */

/* Begin PBXProject section */
		8F96A35D1A679C1C00D71BF3 /* Project object */ = {
			isa = PBXProject;
			attributes = {
				LastUpgradeCheck = 0610;
				ORGANIZATIONNAME = SunXiaoShan;
				TargetAttributes = {
					8F96A3641A679C1C00D71BF3 = {
						CreatedOnToolsVersion = 6.1.1;
					};
					8F96A3801A679C1C00D71BF3 = {
						CreatedOnToolsVersion = 6.1.1;
						TestTargetID = 8F96A3641A679C1C00D71BF3;
					};
				};
			};
			buildConfigurationList = 8F96A3601A679C1C00D71BF3 /* Build configuration list for PBXProject "UIAutoTest" */;
			compatibilityVersion = "Xcode 3.2";
			developmentRegion = English;
			hasScannedForEncodings = 0;
			knownRegions = (
				en,
				Base,
			);
			mainGroup = 8F96A35C1A679C1C00D71BF3;
			productRefGroup = 8F96A3661A679C1C00D71BF3 /* Products */;
			projectDirPath = "";
			projectRoot = "";
			targets = (
				8F96A3641A679C1C00D71BF3 /* UIAutoTest */,
				8F96A3801A679C1C00D71BF3 /* UIAutoTestTests */,
			);
		};
/* End PBXProject section */

/* Begin PBXResourcesBuildPhase section */
		8F96A3631A679C1C00D71BF3 /* Resources */ = {
			isa = PBXResourcesBuildPhase;
			buildActionMask = 2147483647;
			files = (
				8FA165761A6BAEAE00704145 /* YellowSquare.png in Resources */,
				8F96A3941A67A01300D71BF3 /* background_568h@2x.png in Resources */,
				8F96A3971A67A12D00D71BF3 /* btn_next_n@2x.png in Resources */,
				8F96A37C1A679C1C00D71BF3 /* LaunchScreen.xib in Resources */,
				8FA165741A6BAEAE00704145 /* CyanSquare.png in Resources */,
				8F96A3981A67A12D00D71BF3 /* btn_next_p@2x.png in Resources */,
				8FA165751A6BAEAE00704145 /* MagentaSquare.png in Resources */,
				8F96A3791A679C1C00D71BF3 /* Images.xcassets in Resources */,
			);
			runOnlyForDeploymentPostprocessing = 0;
		};
		8F96A37F1A679C1C00D71BF3 /* Resources */ = {
			isa = PBXResourcesBuildPhase;
			buildActionMask = 2147483647;
			files = (
			);
			runOnlyForDeploymentPostprocessing = 0;
		};
/* End PBXResourcesBuildPhase section */

/* Begin PBXSourcesBuildPhase section */
		8F96A3611A679C1C00D71BF3 /* Sources */ = {
			isa = PBXSourcesBuildPhase;
			buildActionMask = 2147483647;
			files = (
				8F96A39D1A67A22600D71BF3 /* EasySample.m in Sources */,
				8FA165701A6BADFA00704145 /* AutoDragview.m in Sources */,
				8F96A3A51A67CE9600D71BF3 /* AutoTableView.m in Sources */,
				8F0B6B9E1A68E5AC00D4CEA6 /* AutoTableViewCell.m in Sources */,
				8F96A3711A679C1C00D71BF3 /* UIAutoTest.xcdatamodeld in Sources */,
				8F96A3A11A67C12C00D71BF3 /* AutoScrollView.m in Sources */,
				8FA1656B1A6B82C300704145 /* WaitViewAppear.m in Sources */,
				8F96A36E1A679C1C00D71BF3 /* AppDelegate.m in Sources */,
				8F96A3741A679C1C00D71BF3 /* ViewController.m in Sources */,
				8F96A36B1A679C1C00D71BF3 /* main.m in Sources */,
			);
			runOnlyForDeploymentPostprocessing = 0;
		};
		8F96A37D1A679C1C00D71BF3 /* Sources */ = {
			isa = PBXSourcesBuildPhase;
			buildActionMask = 2147483647;
			files = (
				8F96A3881A679C1C00D71BF3 /* UIAutoTestTests.m in Sources */,
			);
			runOnlyForDeploymentPostprocessing = 0;
		};
/* End PBXSourcesBuildPhase section */

/* Begin PBXTargetDependency section */
		8F96A3831A679C1C00D71BF3 /* PBXTargetDependency */ = {
			isa = PBXTargetDependency;
			target = 8F96A3641A679C1C00D71BF3 /* UIAutoTest */;
			targetProxy = 8F96A3821A679C1C00D71BF3 /* PBXContainerItemProxy */;
		};
/* End PBXTargetDependency section */

/* Begin PBXVariantGroup section */
		8F96A37A1A679C1C00D71BF3 /* LaunchScreen.xib */ = {
			isa = PBXVariantGroup;
			children = (
				8F96A37B1A679C1C00D71BF3 /* Base */,
			);
			name = LaunchScreen.xib;
			sourceTree = "<group>";
		};
/* End PBXVariantGroup section */

/* Begin XCBuildConfiguration section */
		8F96A3891A679C1C00D71BF3 /* Debug */ = {
			isa = XCBuildConfiguration;
			buildSettings = {
				ALWAYS_SEARCH_USER_PATHS = NO;
				CLANG_CXX_LANGUAGE_STANDARD = "gnu++0x";
				CLANG_CXX_LIBRARY = "libc++";
				CLANG_ENABLE_MODULES = YES;
				CLANG_ENABLE_OBJC_ARC = YES;
				CLANG_WARN_BOOL_CONVERSION = YES;
				CLANG_WARN_CONSTANT_CONVERSION = YES;
				CLANG_WARN_DIRECT_OBJC_ISA_USAGE = YES_ERROR;
				CLANG_WARN_EMPTY_BODY = YES;
				CLANG_WARN_ENUM_CONVERSION = YES;
				CLANG_WARN_INT_CONVERSION = YES;
				CLANG_WARN_OBJC_ROOT_CLASS = YES_ERROR;
				CLANG_WARN_UNREACHABLE_CODE = YES;
				CLANG_WARN__DUPLICATE_METHOD_MATCH = YES;
				CODE_SIGN_IDENTITY = "iPhone Distribution: Blackloud Inc. (VFEC6728B4)";
				COPY_PHASE_STRIP = NO;
				ENABLE_STRICT_OBJC_MSGSEND = YES;
				GCC_C_LANGUAGE_STANDARD = gnu99;
				GCC_DYNAMIC_NO_PIC = NO;
				GCC_OPTIMIZATION_LEVEL = 0;
				GCC_PREPROCESSOR_DEFINITIONS = (
					"DEBUG=1",
					"$(inherited)",
				);
				GCC_SYMBOLS_PRIVATE_EXTERN = NO;
				GCC_WARN_64_TO_32_BIT_CONVERSION = YES;
				GCC_WARN_ABOUT_RETURN_TYPE = YES_ERROR;
				GCC_WARN_UNDECLARED_SELECTOR = YES;
				GCC_WARN_UNINITIALIZED_AUTOS = YES_AGGRESSIVE;
				GCC_WARN_UNUSED_FUNCTION = YES;
				GCC_WARN_UNUSED_VARIABLE = YES;
				IPHONEOS_DEPLOYMENT_TARGET = 8.1;
				MTL_ENABLE_DEBUG_INFO = YES;
				ONLY_ACTIVE_ARCH = YES;
				PROVISIONING_PROFILE = "df766830-5130-41a7-a971-a620a4785d3f";
				SDKROOT = iphoneos;
			};
			name = Debug;
		};
		8F96A38A1A679C1C00D71BF3 /* Release */ = {
			isa = XCBuildConfiguration;
			buildSettings = {
				ALWAYS_SEARCH_USER_PATHS = NO;
				CLANG_CXX_LANGUAGE_STANDARD = "gnu++0x";
				CLANG_CXX_LIBRARY = "libc++";
				CLANG_ENABLE_MODULES = YES;
				CLANG_ENABLE_OBJC_ARC = YES;
				CLANG_WARN_BOOL_CONVERSION = YES;
				CLANG_WARN_CONSTANT_CONVERSION = YES;
				CLANG_WARN_DIRECT_OBJC_ISA_USAGE = YES_ERROR;
				CLANG_WARN_EMPTY_BODY = YES;
				CLANG_WARN_ENUM_CONVERSION = YES;
				CLANG_WARN_INT_CONVERSION = YES;
				CLANG_WARN_OBJC_ROOT_CLASS = YES_ERROR;
				CLANG_WARN_UNREACHABLE_CODE = YES;
				CLANG_WARN__DUPLICATE_METHOD_MATCH = YES;
				CODE_SIGN_IDENTITY = "iPhone Distribution: Blackloud Inc. (VFEC6728B4)";
				COPY_PHASE_STRIP = YES;
				ENABLE_NS_ASSERTIONS = NO;
				ENABLE_STRICT_OBJC_MSGSEND = YES;
				GCC_C_LANGUAGE_STANDARD = gnu99;
				GCC_WARN_64_TO_32_BIT_CONVERSION = YES;
				GCC_WARN_ABOUT_RETURN_TYPE = YES_ERROR;
				GCC_WARN_UNDECLARED_SELECTOR = YES;
				GCC_WARN_UNINITIALIZED_AUTOS = YES_AGGRESSIVE;
				GCC_WARN_UNUSED_FUNCTION = YES;
				GCC_WARN_UNUSED_VARIABLE = YES;
				IPHONEOS_DEPLOYMENT_TARGET = 8.1;
				MTL_ENABLE_DEBUG_INFO = NO;
				PROVISIONING_PROFILE = "df766830-5130-41a7-a971-a620a4785d3f";
				SDKROOT = iphoneos;
				VALIDATE_PRODUCT = YES;
			};
			name = Release;
		};
		8F96A38C1A679C1C00D71BF3 /* Debug */ = {
			isa = XCBuildConfiguration;
			buildSettings = {
				ASSETCATALOG_COMPILER_APPICON_NAME = AppIcon;
				CODE_SIGN_IDENTITY = "iPhone Distribution: Blackloud Inc. (VFEC6728B4)";
				INFOPLIST_FILE = UIAutoTest/Info.plist;
				LD_RUNPATH_SEARCH_PATHS = "$(inherited) @executable_path/Frameworks";
				PRODUCT_NAME = "$(TARGET_NAME)";
				PROVISIONING_PROFILE = "df766830-5130-41a7-a971-a620a4785d3f";
			};
			name = Debug;
		};
		8F96A38D1A679C1C00D71BF3 /* Release */ = {
			isa = XCBuildConfiguration;
			buildSettings = {
				ASSETCATALOG_COMPILER_APPICON_NAME = AppIcon;
				CODE_SIGN_IDENTITY = "iPhone Distribution: Blackloud Inc. (VFEC6728B4)";
				INFOPLIST_FILE = UIAutoTest/Info.plist;
				LD_RUNPATH_SEARCH_PATHS = "$(inherited) @executable_path/Frameworks";
				PRODUCT_NAME = "$(TARGET_NAME)";
				PROVISIONING_PROFILE = "df766830-5130-41a7-a971-a620a4785d3f";
			};
			name = Release;
		};
		8F96A38F1A679C1C00D71BF3 /* Debug */ = {
			isa = XCBuildConfiguration;
			buildSettings = {
				BUNDLE_LOADER = "$(TEST_HOST)";
				CODE_SIGN_IDENTITY = "iPhone Distribution: Blackloud Inc. (VFEC6728B4)";
				FRAMEWORK_SEARCH_PATHS = (
					"$(SDKROOT)/Developer/Library/Frameworks",
					"$(inherited)",
				);
				GCC_PREPROCESSOR_DEFINITIONS = (
					"DEBUG=1",
					"$(inherited)",
				);
				INFOPLIST_FILE = UIAutoTestTests/Info.plist;
				LD_RUNPATH_SEARCH_PATHS = "$(inherited) @executable_path/Frameworks @loader_path/Frameworks";
				PRODUCT_NAME = "$(TARGET_NAME)";
				PROVISIONING_PROFILE = "df766830-5130-41a7-a971-a620a4785d3f";
				TEST_HOST = "$(BUILT_PRODUCTS_DIR)/UIAutoTest.app/UIAutoTest";
			};
			name = Debug;
		};
		8F96A3901A679C1C00D71BF3 /* Release */ = {
			isa = XCBuildConfiguration;
			buildSettings = {
				BUNDLE_LOADER = "$(TEST_HOST)";
				CODE_SIGN_IDENTITY = "iPhone Distribution: Blackloud Inc. (VFEC6728B4)";
				FRAMEWORK_SEARCH_PATHS = (
					"$(SDKROOT)/Developer/Library/Frameworks",
					"$(inherited)",
				);
				INFOPLIST_FILE = UIAutoTestTests/Info.plist;
				LD_RUNPATH_SEARCH_PATHS = "$(inherited) @executable_path/Frameworks @loader_path/Frameworks";
				PRODUCT_NAME = "$(TARGET_NAME)";
				PROVISIONING_PROFILE = "df766830-5130-41a7-a971-a620a4785d3f";
				TEST_HOST = "$(BUILT_PRODUCTS_DIR)/UIAutoTest.app/UIAutoTest";
			};
			name = Release;
		};
/* End XCBuildConfiguration section */

/* Begin XCConfigurationList section */
		8F96A3601A679C1C00D71BF3 /* Build configuration list for PBXProject "UIAutoTest" */ = {
			isa = XCConfigurationList;
			buildConfigurations = (
				8F96A3891A679C1C00D71BF3 /* Debug */,
				8F96A38A1A679C1C00D71BF3 /* Release */,
			);
			defaultConfigurationIsVisible = 0;
			defaultConfigurationName = Release;
		};
		8F96A38B1A679C1C00D71BF3 /* Build configuration list for PBXNativeTarget "UIAutoTest" */ = {
			isa = XCConfigurationList;
			buildConfigurations = (
				8F96A38C1A679C1C00D71BF3 /* Debug */,
				8F96A38D1A679C1C00D71BF3 /* Release */,
			);
			defaultConfigurationIsVisible = 0;
			defaultConfigurationName = Release;
		};
		8F96A38E1A679C1C00D71BF3 /* Build configuration list for PBXNativeTarget "UIAutoTestTests" */ = {
			isa = XCConfigurationList;
			buildConfigurations = (
				8F96A38F1A679C1C00D71BF3 /* Debug */,
				8F96A3901A679C1C00D71BF3 /* Release */,
			);
			defaultConfigurationIsVisible = 0;
			defaultConfigurationName = Release;
		};
/* End XCConfigurationList section */

/* Begin XCVersionGroup section */
		8F96A36F1A679C1C00D71BF3 /* UIAutoTest.xcdatamodeld */ = {
			isa = XCVersionGroup;
			children = (
				8F96A3701A679C1C00D71BF3 /* UIAutoTest.xcdatamodel */,
			);
			currentVersion = 8F96A3701A679C1C00D71BF3 /* UIAutoTest.xcdatamodel */;
			path = UIAutoTest.xcdatamodeld;
			sourceTree = "<group>";
			versionGroupType = wrapper.xcdatamodel;
		};
/* End XCVersionGroup section */
	};
	rootObject = 8F96A35D1A679C1C00D71BF3 /* Project object */;
}
